// !$*UTF8*$!
{
	archiveVersion = 1;
	classes = {
	};
	objectVersion = 46;
	objects = {

/* Begin PBXBuildFile section */
		8381D6B11EEB9A0F00B44B15 /* AppDelegate.swift in Sources */ = {isa = PBXBuildFile; fileRef = 8381D6B01EEB9A0F00B44B15 /* AppDelegate.swift */; };
		8381D6B31EEB9A0F00B44B15 /* ViewController.swift in Sources */ = {isa = PBXBuildFile; fileRef = 8381D6B21EEB9A0F00B44B15 /* ViewController.swift */; };
		8381D6B61EEB9A0F00B44B15 /* Main.storyboard in Resources */ = {isa = PBXBuildFile; fileRef = 8381D6B41EEB9A0F00B44B15 /* Main.storyboard */; };
		8381D6B81EEB9A0F00B44B15 /* Assets.xcassets in Resources */ = {isa = PBXBuildFile; fileRef = 8381D6B71EEB9A0F00B44B15 /* Assets.xcassets */; };
		8381D6BB1EEB9A0F00B44B15 /* LaunchScreen.storyboard in Resources */ = {isa = PBXBuildFile; fileRef = 8381D6B91EEB9A0F00B44B15 /* LaunchScreen.storyboard */; };
		8381D6C31EECE3A800B44B15 /* HomeModel.swift in Sources */ = {isa = PBXBuildFile; fileRef = 8381D6C21EECE3A800B44B15 /* HomeModel.swift */; };
		8381D6C51EECE3B900B44B15 /* LocationModel.swift in Sources */ = {isa = PBXBuildFile; fileRef = 8381D6C41EECE3B900B44B15 /* LocationModel.swift */; };
		83A394521EEEE29500D79FB0 /* DetailViewController.swift in Sources */ = {isa = PBXBuildFile; fileRef = 83A394511EEEE29500D79FB0 /* DetailViewController.swift */; };
		83A394551EEEE3EC00D79FB0 /* MapKit.framework in Frameworks */ = {isa = PBXBuildFile; fileRef = 83A394541EEEE3EC00D79FB0 /* MapKit.framework */; };
/* End PBXBuildFile section */

/* Begin PBXFileReference section */
		8381D6AD1EEB9A0F00B44B15 /* SwiftDatabaseTutorial.app */ = {isa = PBXFileReference; explicitFileType = wrapper.application; includeInIndex = 0; path = SwiftDatabaseTutorial.app; sourceTree = BUILT_PRODUCTS_DIR; };
		8381D6B01EEB9A0F00B44B15 /* AppDelegate.swift */ = {isa = PBXFileReference; lastKnownFileType = sourcecode.swift; path = AppDelegate.swift; sourceTree = "<group>"; };
		8381D6B21EEB9A0F00B44B15 /* ViewController.swift */ = {isa = PBXFileReference; lastKnownFileType = sourcecode.swift; path = ViewController.swift; sourceTree = "<group>"; };
		8381D6B51EEB9A0F00B44B15 /* Base */ = {isa = PBXFileReference; lastKnownFileType = file.storyboard; name = Base; path = Base.lproj/Main.storyboard; sourceTree = "<group>"; };
		8381D6B71EEB9A0F00B44B15 /* Assets.xcassets */ = {isa = PBXFileReference; lastKnownFileType = folder.assetcatalog; path = Assets.xcassets; sourceTree = "<group>"; };
		8381D6BA1EEB9A0F00B44B15 /* Base */ = {isa = PBXFileReference; lastKnownFileType = file.storyboard; name = Base; path = Base.lproj/LaunchScreen.storyboard; sourceTree = "<group>"; };
		8381D6BC1EEB9A0F00B44B15 /* Info.plist */ = {isa = PBXFileReference; lastKnownFileType = text.plist.xml; path = Info.plist; sourceTree = "<group>"; };
		8381D6C21EECE3A800B44B15 /* HomeModel.swift */ = {isa = PBXFileReference; fileEncoding = 4; lastKnownFileType = sourcecode.swift; path = HomeModel.swift; sourceTree = "<group>"; };
		8381D6C41EECE3B900B44B15 /* LocationModel.swift */ = {isa = PBXFileReference; fileEncoding = 4; lastKnownFileType = sourcecode.swift; path = LocationModel.swift; sourceTree = "<group>"; };
		83A394511EEEE29500D79FB0 /* DetailViewController.swift */ = {isa = PBXFileReference; fileEncoding = 4; lastKnownFileType = sourcecode.swift; path = DetailViewController.swift; sourceTree = "<group>"; };
		83A394541EEEE3EC00D79FB0 /* MapKit.framework */ = {isa = PBXFileReference; lastKnownFileType = wrapper.framework; name = MapKit.framework; path = System/Library/Frameworks/MapKit.framework; sourceTree = SDKROOT; };
/* End PBXFileReference section */

/* Begin PBXFrameworksBuildPhase section */
		8381D6AA1EEB9A0F00B44B15 /* Frameworks */ = {
			isa = PBXFrameworksBuildPhase;
			buildActionMask = 2147483647;
			files = (
				83A394551EEEE3EC00D79FB0 /* MapKit.framework in Frameworks */,
			);
			runOnlyForDeploymentPostprocessing = 0;
		};
/* End PBXFrameworksBuildPhase section */

/* Begin PBXGroup section */
		8381D6A41EEB9A0F00B44B15 = {
			isa = PBXGroup;
			children = (
				8381D6AF1EEB9A0F00B44B15 /* SwiftDatabaseTutorial */,
				8381D6AE1EEB9A0F00B44B15 /* Products */,
				83A394531EEEE3EC00D79FB0 /* Frameworks */,
			);
			sourceTree = "<group>";
		};
		8381D6AE1EEB9A0F00B44B15 /* Products */ = {
			isa = PBXGroup;
			children = (
				8381D6AD1EEB9A0F00B44B15 /* SwiftDatabaseTutorial.app */,
			);
			name = Products;
			sourceTree = "<group>";
		};
		8381D6AF1EEB9A0F00B44B15 /* SwiftDatabaseTutorial */ = {
			isa = PBXGroup;
			children = (
				8381D6B01EEB9A0F00B44B15 /* AppDelegate.swift */,
				8381D6B21EEB9A0F00B44B15 /* ViewController.swift */,
				8381D6B41EEB9A0F00B44B15 /* Main.storyboard */,
				8381D6B71EEB9A0F00B44B15 /* Assets.xcassets */,
				8381D6B91EEB9A0F00B44B15 /* LaunchScreen.storyboard */,
				8381D6BC1EEB9A0F00B44B15 /* Info.plist */,
				8381D6C21EECE3A800B44B15 /* HomeModel.swift */,
				8381D6C41EECE3B900B44B15 /* LocationModel.swift */,
				83A394511EEEE29500D79FB0 /* DetailViewController.swift */,
			);
			path = SwiftDatabaseTutorial;
			sourceTree = "<group>";
		};
		83A394531EEEE3EC00D79FB0 /* Frameworks */ = {
			isa = PBXGroup;
			children = (
				83A394541EEEE3EC00D79FB0 /* MapKit.framework */,
			);
			name = Frameworks;
			sourceTree = "<group>";
		};
/* End PBXGroup section */

/* Begin PBXNativeTarget section */
		8381D6AC1EEB9A0F00B44B15 /* SwiftDatabaseTutorial */ = {
			isa = PBXNativeTarget;
			buildConfigurationList = 8381D6BF1EEB9A0F00B44B15 /* Build configuration list for PBXNativeTarget "SwiftDatabaseTutorial" */;
			buildPhases = (
				8381D6A91EEB9A0F00B44B15 /* Sources */,
				8381D6AA1EEB9A0F00B44B15 /* Frameworks */,
				8381D6AB1EEB9A0F00B44B15 /* Resources */,
			);
			buildRules = (
			);
			dependencies = (
			);
			name = SwiftDatabaseTutorial;
			productName = SwiftDatabaseTutorial;
			productReference = 8381D6AD1EEB9A0F00B44B15 /* SwiftDatabaseTutorial.app */;
			productType = "com.apple.product-type.application";
		};
/* End PBXNativeTarget section */

/* Begin PBXProject section */
		8381D6A51EEB9A0F00B44B15 /* Project object */ = {
			isa = PBXProject;
			attributes = {
				LastSwiftUpdateCheck = 0830;
				LastUpgradeCheck = 0830;
				ORGANIZATIONNAME = "Christopher Ching";
				TargetAttributes = {
					8381D6AC1EEB9A0F00B44B15 = {
						CreatedOnToolsVersion = 8.3.3;
						ProvisioningStyle = Automatic;
					};
				};
			};
			buildConfigurationList = 8381D6A81EEB9A0F00B44B15 /* Build configuration list for PBXProject "SwiftDatabaseTutorial" */;
			compatibilityVersion = "Xcode 3.2";
			developmentRegion = English;
			hasScannedForEncodings = 0;
			knownRegions = (
				en,
				Base,
			);
			mainGroup = 8381D6A41EEB9A0F00B44B15;
			productRefGroup = 8381D6AE1EEB9A0F00B44B15 /* Products */;
			projectDirPath = "";
			projectRoot = "";
			targets = (
				8381D6AC1EEB9A0F00B44B15 /* SwiftDatabaseTutorial */,
			);
		};
/* End PBXProject section */

/* Begin PBXResourcesBuildPhase section */
		8381D6AB1EEB9A0F00B44B15 /* Resources */ = {
			isa = PBXResourcesBuildPhase;
			buildActionMask = 2147483647;
			files = (
				8381D6BB1EEB9A0F00B44B15 /* LaunchScreen.storyboard in Resources */,
				8381D6B81EEB9A0F00B44B15 /* Assets.xcassets in Resources */,
				8381D6B61EEB9A0F00B44B15 /* Main.storyboard in Resources */,
			);
			runOnlyForDeploymentPostprocessing = 0;
		};
/* End PBXResourcesBuildPhase section */

/* Begin PBXSourcesBuildPhase section */
		8381D6A91EEB9A0F00B44B15 /* Sources */ = {
			isa = PBXSourcesBuildPhase;
			buildActionMask = 2147483647;
			files = (
				8381D6C51EECE3B900B44B15 /* LocationModel.swift in Sources */,
				8381D6B31EEB9A0F00B44B15 /* ViewController.swift in Sources */,
				83A394521EEEE29500D79FB0 /* DetailViewController.swift in Sources */,
				8381D6B11EEB9A0F00B44B15 /* AppDelegate.swift in Sources */,
				8381D6C31EECE3A800B44B15 /* HomeModel.swift in Sources */,
			);
			runOnlyForDeploymentPostprocessing = 0;
		};
/* End PBXSourcesBuildPhase section */

/* Begin PBXVariantGroup section */
		8381D6B41EEB9A0F00B44B15 /* Main.storyboard */ = {
			isa = PBXVariantGroup;
			children = (
				8381D6B51EEB9A0F00B44B15 /* Base */,
			);
			name = Main.storyboard;
			sourceTree = "<group>";
		};
		8381D6B91EEB9A0F00B44B15 /* LaunchScreen.storyboard */ = {
			isa = PBXVariantGroup;
			children = (
				8381D6BA1EEB9A0F00B44B15 /* Base */,
			);
			name = LaunchScreen.storyboard;
			sourceTree = "<group>";
		};
/* End PBXVariantGroup section */

/* Begin XCBuildConfiguration section */
		8381D6BD1EEB9A0F00B44B15 /* Debug */ = {
			isa = XCBuildConfiguration;
			buildSettings = {
				ALWAYS_SEARCH_USER_PATHS = NO;
				CLANG_ANALYZER_NONNULL = YES;
				CLANG_ANALYZER_NUMBER_OBJECT_CONVERSION = YES_AGGRESSIVE;
				CLANG_CXX_LANGUAGE_STANDARD = "gnu++0x";
				CLANG_CXX_LIBRARY = "libc++";
				CLANG_ENABLE_MODULES = YES;
				CLANG_ENABLE_OBJC_ARC = YES;
				CLANG_WARN_BOOL_CONVERSION = YES;
				CLANG_WARN_CONSTANT_CONVERSION = YES;
				CLANG_WARN_DIRECT_OBJC_ISA_USAGE = YES_ERROR;
				CLANG_WARN_DOCUMENTATION_COMMENTS = YES;
				CLANG_WARN_EMPTY_BODY = YES;
				CLANG_WARN_ENUM_CONVERSION = YES;
				CLANG_WARN_INFINITE_RECURSION = YES;
				CLANG_WARN_INT_CONVERSION = YES;
				CLANG_WARN_OBJC_ROOT_CLASS = YES_ERROR;
				CLANG_WARN_SUSPICIOUS_MOVE = YES;
				CLANG_WARN_UNREACHABLE_CODE = YES;
				CLANG_WARN__DUPLICATE_METHOD_MATCH = YES;
				"CODE_SIGN_IDENTITY[sdk=iphoneos*]" = "iPhone Developer";
				COPY_PHASE_STRIP = NO;
				DEBUG_INFORMATION_FORMAT = dwarf;
				ENABLE_STRICT_OBJC_MSGSEND = YES;
				ENABLE_TESTABILITY = YES;
				GCC_C_LANGUAGE_STANDARD = gnu99;
				GCC_DYNAMIC_NO_PIC = NO;
				GCC_NO_COMMON_BLOCKS = YES;
				GCC_OPTIMIZATION_LEVEL = 0;
				GCC_PREPROCESSOR_DEFINITIONS = (
					"DEBUG=1",
					"$(inherited)",
				);
				GCC_WARN_64_TO_32_BIT_CONVERSION = YES;
				GCC_WARN_ABOUT_RETURN_TYPE = YES_ERROR;
				GCC_WARN_UNDECLARED_SELECTOR = YES;
				GCC_WARN_UNINITIALIZED_AUTOS = YES_AGGRESSIVE;
				GCC_WARN_UNUSED_FUNCTION = YES;
				GCC_WARN_UNUSED_VARIABLE = YES;
				IPHONEOS_DEPLOYMENT_TARGET = 10.3;
				MTL_ENABLE_DEBUG_INFO = YES;
				ONLY_ACTIVE_ARCH = YES;
				SDKROOT = iphoneos;
				SWIFT_ACTIVE_COMPILATION_CONDITIONS = DEBUG;
				SWIFT_OPTIMIZATION_LEVEL = "-Onone";
			};
			name = Debug;
		};
		8381D6BE1EEB9A0F00B44B15 /* Release */ = {
			isa = XCBuildConfiguration;
			buildSettings = {
				ALWAYS_SEARCH_USER_PATHS = NO;
				CLANG_ANALYZER_NONNULL = YES;
				CLANG_ANALYZER_NUMBER_OBJECT_CONVERSION = YES_AGGRESSIVE;
				CLANG_CXX_LANGUAGE_STANDARD = "gnu++0x";
				CLANG_CXX_LIBRARY = "libc++";
				CLANG_ENABLE_MODULES = YES;
				CLANG_ENABLE_OBJC_ARC = YES;
				CLANG_WARN_BOOL_CONVERSION = YES;
				CLANG_WARN_CONSTANT_CONVERSION = YES;
				CLANG_WARN_DIRECT_OBJC_ISA_USAGE = YES_ERROR;
				CLANG_WARN_DOCUMENTATION_COMMENTS = YES;
				CLANG_WARN_EMPTY_BODY = YES;
				CLANG_WARN_ENUM_CONVERSION = YES;
				CLANG_WARN_INFINITE_RECURSION = YES;
				CLANG_WARN_INT_CONVERSION = YES;
				CLANG_WARN_OBJC_ROOT_CLASS = YES_ERROR;
				CLANG_WARN_SUSPICIOUS_MOVE = YES;
				CLANG_WARN_UNREACHABLE_CODE = YES;
				CLANG_WARN__DUPLICATE_METHOD_MATCH = YES;
				"CODE_SIGN_IDENTITY[sdk=iphoneos*]" = "iPhone Developer";
				COPY_PHASE_STRIP = NO;
				DEBUG_INFORMATION_FORMAT = "dwarf-with-dsym";
				ENABLE_NS_ASSERTIONS = NO;
				ENABLE_STRICT_OBJC_MSGSEND = YES;
				GCC_C_LANGUAGE_STANDARD = gnu99;
				GCC_NO_COMMON_BLOCKS = YES;
				GCC_WARN_64_TO_32_BIT_CONVERSION = YES;
				GCC_WARN_ABOUT_RETURN_TYPE = YES_ERROR;
				GCC_WARN_UNDECLARED_SELECTOR = YES;
				GCC_WARN_UNINITIALIZED_AUTOS = YES_AGGRESSIVE;
				GCC_WARN_UNUSED_FUNCTION = YES;
				GCC_WARN_UNUSED_VARIABLE = YES;
				IPHONEOS_DEPLOYMENT_TARGET = 10.3;
				MTL_ENABLE_DEBUG_INFO = NO;
				SDKROOT = iphoneos;
				SWIFT_OPTIMIZATION_LEVEL = "-Owholemodule";
				VALIDATE_PRODUCT = YES;
			};
			name = Release;
		};
		8381D6C01EEB9A0F00B44B15 /* Debug */ = {
			isa = XCBuildConfiguration;
			buildSettings = {
				ASSETCATALOG_COMPILER_APPICON_NAME = AppIcon;
				INFOPLIST_FILE = SwiftDatabaseTutorial/Info.plist;
				LD_RUNPATH_SEARCH_PATHS = "$(inherited) @executable_path/Frameworks";
				PRODUCT_BUNDLE_IDENTIFIER = com.codewithchris.SwiftDatabaseTutorial;
				PRODUCT_NAME = "$(TARGET_NAME)";
				SWIFT_VERSION = 3.0;
			};
			name = Debug;
		};
		8381D6C11EEB9A0F00B44B15 /* Release */ = {
			isa = XCBuildConfiguration;
			buildSettings = {
				ASSETCATALOG_COMPILER_APPICON_NAME = AppIcon;
				INFOPLIST_FILE = SwiftDatabaseTutorial/Info.plist;
				LD_RUNPATH_SEARCH_PATHS = "$(inherited) @executable_path/Frameworks";
				PRODUCT_BUNDLE_IDENTIFIER = com.codewithchris.SwiftDatabaseTutorial;
				PRODUCT_NAME = "$(TARGET_NAME)";
				SWIFT_VERSION = 3.0;
			};
			name = Release;
		};
/* End XCBuildConfiguration section */

/* Begin XCConfigurationList section */
		8381D6A81EEB9A0F00B44B15 /* Build configuration list for PBXProject "SwiftDatabaseTutorial" */ = {
			isa = XCConfigurationList;
			buildConfigurations = (
				8381D6BD1EEB9A0F00B44B15 /* Debug */,
				8381D6BE1EEB9A0F00B44B15 /* Release */,
			);
			defaultConfigurationIsVisible = 0;
			defaultConfigurationName = Release;
		};
		8381D6BF1EEB9A0F00B44B15 /* Build configuration list for PBXNativeTarget "SwiftDatabaseTutorial" */ = {
			isa = XCConfigurationList;
			buildConfigurations = (
				8381D6C01EEB9A0F00B44B15 /* Debug */,
				8381D6C11EEB9A0F00B44B15 /* Release */,
			);
			defaultConfigurationIsVisible = 0;
			defaultConfigurationName = Release;
		};
/* End XCConfigurationList section */
	};
	rootObject = 8381D6A51EEB9A0F00B44B15 /* Project object */;
}
